// !$*UTF8*$!
{
	archiveVersion = 1;
	classes = {
	};
	objectVersion = 55;
	objects = {

/* Begin PBXBuildFile section */
		DC20A38F299EB3560093C366 /* AppDelegate.swift in Sources */ = {isa = PBXBuildFile; fileRef = DC20A38E299EB3560093C366 /* AppDelegate.swift */; };
		DC20A391299EB3560093C366 /* SceneDelegate.swift in Sources */ = {isa = PBXBuildFile; fileRef = DC20A390299EB3560093C366 /* SceneDelegate.swift */; };
		DC20A393299EB3560093C366 /* ViewController.swift in Sources */ = {isa = PBXBuildFile; fileRef = DC20A392299EB3560093C366 /* ViewController.swift */; };
		DC20A396299EB3560093C366 /* Main.storyboard in Resources */ = {isa = PBXBuildFile; fileRef = DC20A394299EB3560093C366 /* Main.storyboard */; };
		DC20A398299EB3580093C366 /* Assets.xcassets in Resources */ = {isa = PBXBuildFile; fileRef = DC20A397299EB3580093C366 /* Assets.xcassets */; };
		DC20A39B299EB3580093C366 /* LaunchScreen.storyboard in Resources */ = {isa = PBXBuildFile; fileRef = DC20A399299EB3580093C366 /* LaunchScreen.storyboard */; };
		DC20A3A4299EB4980093C366 /* AppCoordinator.swift in Sources */ = {isa = PBXBuildFile; fileRef = DC20A3A3299EB4980093C366 /* AppCoordinator.swift */; };
		DC20A3A6299EB6FC0093C366 /* EventListCoordinator.swift in Sources */ = {isa = PBXBuildFile; fileRef = DC20A3A5299EB6FC0093C366 /* EventListCoordinator.swift */; };
		DC20A3A8299EB8AB0093C366 /* EventListViewController.swift in Sources */ = {isa = PBXBuildFile; fileRef = DC20A3A7299EB8AB0093C366 /* EventListViewController.swift */; };
		DC20A3AA299EBB6B0093C366 /* UIColor+Extension.swift in Sources */ = {isa = PBXBuildFile; fileRef = DC20A3A9299EBB6B0093C366 /* UIColor+Extension.swift */; };
		DC20A3AC299EBCE70093C366 /* UIViewController+Extension.swift in Sources */ = {isa = PBXBuildFile; fileRef = DC20A3AB299EBCE70093C366 /* UIViewController+Extension.swift */; };
		DC20A3B1299EBEAA0093C366 /* EventApp.xcdatamodeld in Sources */ = {isa = PBXBuildFile; fileRef = DC20A3AF299EBEAA0093C366 /* EventApp.xcdatamodeld */; };
		DC20A3B3299EBFA00093C366 /* CoreDataManager.swift in Sources */ = {isa = PBXBuildFile; fileRef = DC20A3B2299EBFA00093C366 /* CoreDataManager.swift */; };
		DC8D022929A38431001C9D4C /* TitleSubtitleCellViewModel.swift in Sources */ = {isa = PBXBuildFile; fileRef = DC8D022829A38431001C9D4C /* TitleSubtitleCellViewModel.swift */; };
		DC8D022D29A384E3001C9D4C /* TitleSubtitleCell.swift in Sources */ = {isa = PBXBuildFile; fileRef = DC8D022B29A384E3001C9D4C /* TitleSubtitleCell.swift */; };
		DC8D022E29A384E3001C9D4C /* TitleSubtitleCell.xib in Resources */ = {isa = PBXBuildFile; fileRef = DC8D022C29A384E3001C9D4C /* TitleSubtitleCell.xib */; };
		DCA2E3BD299FF664009FB87B /* EventListViewModel.swift in Sources */ = {isa = PBXBuildFile; fileRef = DCA2E3BC299FF664009FB87B /* EventListViewModel.swift */; };
		DCA2E3BF299FFFB1009FB87B /* AddEventCoordinator.swift in Sources */ = {isa = PBXBuildFile; fileRef = DCA2E3BE299FFFB1009FB87B /* AddEventCoordinator.swift */; };
		DCA2E3C129A000E1009FB87B /* AddEventViewController.swift in Sources */ = {isa = PBXBuildFile; fileRef = DCA2E3C029A000E1009FB87B /* AddEventViewController.swift */; };
		DCA2E3C429A004C1009FB87B /* AddEventViewModel.swift in Sources */ = {isa = PBXBuildFile; fileRef = DCA2E3C329A004C1009FB87B /* AddEventViewModel.swift */; };
/* End PBXBuildFile section */

/* Begin PBXFileReference section */
		DC20A38B299EB3560093C366 /* MVVMLearning.app */ = {isa = PBXFileReference; explicitFileType = wrapper.application; includeInIndex = 0; path = MVVMLearning.app; sourceTree = BUILT_PRODUCTS_DIR; };
		DC20A38E299EB3560093C366 /* AppDelegate.swift */ = {isa = PBXFileReference; lastKnownFileType = sourcecode.swift; path = AppDelegate.swift; sourceTree = "<group>"; };
		DC20A390299EB3560093C366 /* SceneDelegate.swift */ = {isa = PBXFileReference; lastKnownFileType = sourcecode.swift; path = SceneDelegate.swift; sourceTree = "<group>"; };
		DC20A392299EB3560093C366 /* ViewController.swift */ = {isa = PBXFileReference; lastKnownFileType = sourcecode.swift; path = ViewController.swift; sourceTree = "<group>"; };
		DC20A395299EB3560093C366 /* Base */ = {isa = PBXFileReference; lastKnownFileType = file.storyboard; name = Base; path = Base.lproj/Main.storyboard; sourceTree = "<group>"; };
		DC20A397299EB3580093C366 /* Assets.xcassets */ = {isa = PBXFileReference; lastKnownFileType = folder.assetcatalog; path = Assets.xcassets; sourceTree = "<group>"; };
		DC20A39A299EB3580093C366 /* Base */ = {isa = PBXFileReference; lastKnownFileType = file.storyboard; name = Base; path = Base.lproj/LaunchScreen.storyboard; sourceTree = "<group>"; };
		DC20A39C299EB3580093C366 /* Info.plist */ = {isa = PBXFileReference; lastKnownFileType = text.plist.xml; path = Info.plist; sourceTree = "<group>"; };
		DC20A3A3299EB4980093C366 /* AppCoordinator.swift */ = {isa = PBXFileReference; lastKnownFileType = sourcecode.swift; path = AppCoordinator.swift; sourceTree = "<group>"; };
		DC20A3A5299EB6FC0093C366 /* EventListCoordinator.swift */ = {isa = PBXFileReference; lastKnownFileType = sourcecode.swift; path = EventListCoordinator.swift; sourceTree = "<group>"; };
		DC20A3A7299EB8AB0093C366 /* EventListViewController.swift */ = {isa = PBXFileReference; lastKnownFileType = sourcecode.swift; path = EventListViewController.swift; sourceTree = "<group>"; };
		DC20A3A9299EBB6B0093C366 /* UIColor+Extension.swift */ = {isa = PBXFileReference; lastKnownFileType = sourcecode.swift; path = "UIColor+Extension.swift"; sourceTree = "<group>"; };
		DC20A3AB299EBCE70093C366 /* UIViewController+Extension.swift */ = {isa = PBXFileReference; lastKnownFileType = sourcecode.swift; path = "UIViewController+Extension.swift"; sourceTree = "<group>"; };
		DC20A3B0299EBEAA0093C366 /* EventApp.xcdatamodel */ = {isa = PBXFileReference; lastKnownFileType = wrapper.xcdatamodel; path = EventApp.xcdatamodel; sourceTree = "<group>"; };
		DC20A3B2299EBFA00093C366 /* CoreDataManager.swift */ = {isa = PBXFileReference; lastKnownFileType = sourcecode.swift; path = CoreDataManager.swift; sourceTree = "<group>"; };
		DC8D022829A38431001C9D4C /* TitleSubtitleCellViewModel.swift */ = {isa = PBXFileReference; lastKnownFileType = sourcecode.swift; path = TitleSubtitleCellViewModel.swift; sourceTree = "<group>"; };
		DC8D022B29A384E3001C9D4C /* TitleSubtitleCell.swift */ = {isa = PBXFileReference; lastKnownFileType = sourcecode.swift; path = TitleSubtitleCell.swift; sourceTree = "<group>"; };
		DC8D022C29A384E3001C9D4C /* TitleSubtitleCell.xib */ = {isa = PBXFileReference; lastKnownFileType = file.xib; path = TitleSubtitleCell.xib; sourceTree = "<group>"; };
		DCA2E3BC299FF664009FB87B /* EventListViewModel.swift */ = {isa = PBXFileReference; lastKnownFileType = sourcecode.swift; path = EventListViewModel.swift; sourceTree = "<group>"; };
		DCA2E3BE299FFFB1009FB87B /* AddEventCoordinator.swift */ = {isa = PBXFileReference; lastKnownFileType = sourcecode.swift; path = AddEventCoordinator.swift; sourceTree = "<group>"; };
		DCA2E3C029A000E1009FB87B /* AddEventViewController.swift */ = {isa = PBXFileReference; lastKnownFileType = sourcecode.swift; path = AddEventViewController.swift; sourceTree = "<group>"; };
		DCA2E3C329A004C1009FB87B /* AddEventViewModel.swift */ = {isa = PBXFileReference; lastKnownFileType = sourcecode.swift; path = AddEventViewModel.swift; sourceTree = "<group>"; };
/* End PBXFileReference section */

/* Begin PBXFrameworksBuildPhase section */
		DC20A388299EB3560093C366 /* Frameworks */ = {
			isa = PBXFrameworksBuildPhase;
			buildActionMask = 2147483647;
			files = (
			);
			runOnlyForDeploymentPostprocessing = 0;
		};
/* End PBXFrameworksBuildPhase section */

/* Begin PBXGroup section */
		DC20A382299EB3560093C366 = {
			isa = PBXGroup;
			children = (
				DC20A38D299EB3560093C366 /* MVVMLearning */,
				DC20A38C299EB3560093C366 /* Products */,
			);
			sourceTree = "<group>";
		};
		DC20A38C299EB3560093C366 /* Products */ = {
			isa = PBXGroup;
			children = (
				DC20A38B299EB3560093C366 /* MVVMLearning.app */,
			);
			name = Products;
			sourceTree = "<group>";
		};
		DC20A38D299EB3560093C366 /* MVVMLearning */ = {
			isa = PBXGroup;
			children = (
				DC20A38E299EB3560093C366 /* AppDelegate.swift */,
				DC20A390299EB3560093C366 /* SceneDelegate.swift */,
				DC20A3AF299EBEAA0093C366 /* EventApp.xcdatamodeld */,
				DC20A3B2299EBFA00093C366 /* CoreDataManager.swift */,
				DC8D022A29A3849B001C9D4C /* Views */,
				DCA2E3C229A004A7009FB87B /* ViewModel */,
				DC20A3AD299EBE390093C366 /* Extensions */,
				DC20A3AE299EBE4C0093C366 /* Controllers */,
				DC20A3A2299EB46A0093C366 /* Coordinators */,
				DC20A392299EB3560093C366 /* ViewController.swift */,
				DC20A394299EB3560093C366 /* Main.storyboard */,
				DC20A397299EB3580093C366 /* Assets.xcassets */,
				DC20A399299EB3580093C366 /* LaunchScreen.storyboard */,
				DC20A39C299EB3580093C366 /* Info.plist */,
			);
			path = MVVMLearning;
			sourceTree = "<group>";
		};
		DC20A3A2299EB46A0093C366 /* Coordinators */ = {
			isa = PBXGroup;
			children = (
				DC20A3A3299EB4980093C366 /* AppCoordinator.swift */,
				DC20A3A5299EB6FC0093C366 /* EventListCoordinator.swift */,
				DCA2E3BE299FFFB1009FB87B /* AddEventCoordinator.swift */,
			);
			path = Coordinators;
			sourceTree = "<group>";
		};
		DC20A3AD299EBE390093C366 /* Extensions */ = {
			isa = PBXGroup;
			children = (
				DC20A3A9299EBB6B0093C366 /* UIColor+Extension.swift */,
				DC20A3AB299EBCE70093C366 /* UIViewController+Extension.swift */,
			);
			path = Extensions;
			sourceTree = "<group>";
		};
		DC20A3AE299EBE4C0093C366 /* Controllers */ = {
			isa = PBXGroup;
			children = (
				DC20A3A7299EB8AB0093C366 /* EventListViewController.swift */,
				DCA2E3C029A000E1009FB87B /* AddEventViewController.swift */,
			);
			path = Controllers;
			sourceTree = "<group>";
		};
		DC8D022A29A3849B001C9D4C /* Views */ = {
			isa = PBXGroup;
			children = (
				DC8D022B29A384E3001C9D4C /* TitleSubtitleCell.swift */,
				DC8D022C29A384E3001C9D4C /* TitleSubtitleCell.xib */,
			);
			path = Views;
			sourceTree = "<group>";
		};
		DCA2E3C229A004A7009FB87B /* ViewModel */ = {
			isa = PBXGroup;
			children = (
				DCA2E3BC299FF664009FB87B /* EventListViewModel.swift */,
				DCA2E3C329A004C1009FB87B /* AddEventViewModel.swift */,
				DC8D022829A38431001C9D4C /* TitleSubtitleCellViewModel.swift */,
			);
			path = ViewModel;
			sourceTree = "<group>";
		};
/* End PBXGroup section */

/* Begin PBXNativeTarget section */
		DC20A38A299EB3560093C366 /* MVVMLearning */ = {
			isa = PBXNativeTarget;
			buildConfigurationList = DC20A39F299EB3580093C366 /* Build configuration list for PBXNativeTarget "MVVMLearning" */;
			buildPhases = (
				DC20A387299EB3560093C366 /* Sources */,
				DC20A388299EB3560093C366 /* Frameworks */,
				DC20A389299EB3560093C366 /* Resources */,
			);
			buildRules = (
			);
			dependencies = (
			);
			name = MVVMLearning;
			productName = MVVMLearning;
			productReference = DC20A38B299EB3560093C366 /* MVVMLearning.app */;
			productType = "com.apple.product-type.application";
		};
/* End PBXNativeTarget section */

/* Begin PBXProject section */
		DC20A383299EB3560093C366 /* Project object */ = {
			isa = PBXProject;
			attributes = {
				BuildIndependentTargetsInParallel = 1;
				LastSwiftUpdateCheck = 1330;
				LastUpgradeCheck = 1330;
				TargetAttributes = {
					DC20A38A299EB3560093C366 = {
						CreatedOnToolsVersion = 13.3;
					};
				};
			};
			buildConfigurationList = DC20A386299EB3560093C366 /* Build configuration list for PBXProject "MVVMLearning" */;
			compatibilityVersion = "Xcode 13.0";
			developmentRegion = en;
			hasScannedForEncodings = 0;
			knownRegions = (
				en,
				Base,
			);
			mainGroup = DC20A382299EB3560093C366;
			productRefGroup = DC20A38C299EB3560093C366 /* Products */;
			projectDirPath = "";
			projectRoot = "";
			targets = (
				DC20A38A299EB3560093C366 /* MVVMLearning */,
			);
		};
/* End PBXProject section */

/* Begin PBXResourcesBuildPhase section */
		DC20A389299EB3560093C366 /* Resources */ = {
			isa = PBXResourcesBuildPhase;
			buildActionMask = 2147483647;
			files = (
				DC8D022E29A384E3001C9D4C /* TitleSubtitleCell.xib in Resources */,
				DC20A39B299EB3580093C366 /* LaunchScreen.storyboard in Resources */,
				DC20A398299EB3580093C366 /* Assets.xcassets in Resources */,
				DC20A396299EB3560093C366 /* Main.storyboard in Resources */,
			);
			runOnlyForDeploymentPostprocessing = 0;
		};
/* End PBXResourcesBuildPhase section */

/* Begin PBXSourcesBuildPhase section */
		DC20A387299EB3560093C366 /* Sources */ = {
			isa = PBXSourcesBuildPhase;
			buildActionMask = 2147483647;
			files = (
				DC8D022D29A384E3001C9D4C /* TitleSubtitleCell.swift in Sources */,
				DC20A3AC299EBCE70093C366 /* UIViewController+Extension.swift in Sources */,
				DCA2E3C129A000E1009FB87B /* AddEventViewController.swift in Sources */,
				DC20A3A4299EB4980093C366 /* AppCoordinator.swift in Sources */,
				DC20A3A8299EB8AB0093C366 /* EventListViewController.swift in Sources */,
				DC20A393299EB3560093C366 /* ViewController.swift in Sources */,
				DC20A38F299EB3560093C366 /* AppDelegate.swift in Sources */,
				DC20A391299EB3560093C366 /* SceneDelegate.swift in Sources */,
				DC20A3A6299EB6FC0093C366 /* EventListCoordinator.swift in Sources */,
				DC20A3AA299EBB6B0093C366 /* UIColor+Extension.swift in Sources */,
				DC20A3B3299EBFA00093C366 /* CoreDataManager.swift in Sources */,
				DC20A3B1299EBEAA0093C366 /* EventApp.xcdatamodeld in Sources */,
				DCA2E3BD299FF664009FB87B /* EventListViewModel.swift in Sources */,
				DCA2E3BF299FFFB1009FB87B /* AddEventCoordinator.swift in Sources */,
				DC8D022929A38431001C9D4C /* TitleSubtitleCellViewModel.swift in Sources */,
				DCA2E3C429A004C1009FB87B /* AddEventViewModel.swift in Sources */,
			);
			runOnlyForDeploymentPostprocessing = 0;
		};
/* End PBXSourcesBuildPhase section */

/* Begin PBXVariantGroup section */
		DC20A394299EB3560093C366 /* Main.storyboard */ = {
			isa = PBXVariantGroup;
			children = (
				DC20A395299EB3560093C366 /* Base */,
			);
			name = Main.storyboard;
			sourceTree = "<group>";
		};
		DC20A399299EB3580093C366 /* LaunchScreen.storyboard */ = {
			isa = PBXVariantGroup;
			children = (
				DC20A39A299EB3580093C366 /* Base */,
			);
			name = LaunchScreen.storyboard;
			sourceTree = "<group>";
		};
/* End PBXVariantGroup section */

/* Begin XCBuildConfiguration section */
		DC20A39D299EB3580093C366 /* Debug */ = {
			isa = XCBuildConfiguration;
			buildSettings = {
				ALWAYS_SEARCH_USER_PATHS = NO;
				CLANG_ANALYZER_NONNULL = YES;
				CLANG_ANALYZER_NUMBER_OBJECT_CONVERSION = YES_AGGRESSIVE;
				CLANG_CXX_LANGUAGE_STANDARD = "gnu++17";
				CLANG_ENABLE_MODULES = YES;
				CLANG_ENABLE_OBJC_ARC = YES;
				CLANG_ENABLE_OBJC_WEAK = YES;
				CLANG_WARN_BLOCK_CAPTURE_AUTORELEASING = YES;
				CLANG_WARN_BOOL_CONVERSION = YES;
				CLANG_WARN_COMMA = YES;
				CLANG_WARN_CONSTANT_CONVERSION = YES;
				CLANG_WARN_DEPRECATED_OBJC_IMPLEMENTATIONS = YES;
				CLANG_WARN_DIRECT_OBJC_ISA_USAGE = YES_ERROR;
				CLANG_WARN_DOCUMENTATION_COMMENTS = YES;
				CLANG_WARN_EMPTY_BODY = YES;
				CLANG_WARN_ENUM_CONVERSION = YES;
				CLANG_WARN_INFINITE_RECURSION = YES;
				CLANG_WARN_INT_CONVERSION = YES;
				CLANG_WARN_NON_LITERAL_NULL_CONVERSION = YES;
				CLANG_WARN_OBJC_IMPLICIT_RETAIN_SELF = YES;
				CLANG_WARN_OBJC_LITERAL_CONVERSION = YES;
				CLANG_WARN_OBJC_ROOT_CLASS = YES_ERROR;
				CLANG_WARN_QUOTED_INCLUDE_IN_FRAMEWORK_HEADER = YES;
				CLANG_WARN_RANGE_LOOP_ANALYSIS = YES;
				CLANG_WARN_STRICT_PROTOTYPES = YES;
				CLANG_WARN_SUSPICIOUS_MOVE = YES;
				CLANG_WARN_UNGUARDED_AVAILABILITY = YES_AGGRESSIVE;
				CLANG_WARN_UNREACHABLE_CODE = YES;
				CLANG_WARN__DUPLICATE_METHOD_MATCH = YES;
				COPY_PHASE_STRIP = NO;
				DEBUG_INFORMATION_FORMAT = dwarf;
				ENABLE_STRICT_OBJC_MSGSEND = YES;
				ENABLE_TESTABILITY = YES;
				GCC_C_LANGUAGE_STANDARD = gnu11;
				GCC_DYNAMIC_NO_PIC = NO;
				GCC_NO_COMMON_BLOCKS = YES;
				GCC_OPTIMIZATION_LEVEL = 0;
				GCC_PREPROCESSOR_DEFINITIONS = (
					"DEBUG=1",
					"$(inherited)",
				);
				GCC_WARN_64_TO_32_BIT_CONVERSION = YES;
				GCC_WARN_ABOUT_RETURN_TYPE = YES_ERROR;
				GCC_WARN_UNDECLARED_SELECTOR = YES;
				GCC_WARN_UNINITIALIZED_AUTOS = YES_AGGRESSIVE;
				GCC_WARN_UNUSED_FUNCTION = YES;
				GCC_WARN_UNUSED_VARIABLE = YES;
				IPHONEOS_DEPLOYMENT_TARGET = 15.4;
				MTL_ENABLE_DEBUG_INFO = INCLUDE_SOURCE;
				MTL_FAST_MATH = YES;
				ONLY_ACTIVE_ARCH = YES;
				SDKROOT = iphoneos;
				SWIFT_ACTIVE_COMPILATION_CONDITIONS = DEBUG;
				SWIFT_OPTIMIZATION_LEVEL = "-Onone";
			};
			name = Debug;
		};
		DC20A39E299EB3580093C366 /* Release */ = {
			isa = XCBuildConfiguration;
			buildSettings = {
				ALWAYS_SEARCH_USER_PATHS = NO;
				CLANG_ANALYZER_NONNULL = YES;
				CLANG_ANALYZER_NUMBER_OBJECT_CONVERSION = YES_AGGRESSIVE;
				CLANG_CXX_LANGUAGE_STANDARD = "gnu++17";
				CLANG_ENABLE_MODULES = YES;
				CLANG_ENABLE_OBJC_ARC = YES;
				CLANG_ENABLE_OBJC_WEAK = YES;
				CLANG_WARN_BLOCK_CAPTURE_AUTORELEASING = YES;
				CLANG_WARN_BOOL_CONVERSION = YES;
				CLANG_WARN_COMMA = YES;
				CLANG_WARN_CONSTANT_CONVERSION = YES;
				CLANG_WARN_DEPRECATED_OBJC_IMPLEMENTATIONS = YES;
				CLANG_WARN_DIRECT_OBJC_ISA_USAGE = YES_ERROR;
				CLANG_WARN_DOCUMENTATION_COMMENTS = YES;
				CLANG_WARN_EMPTY_BODY = YES;
				CLANG_WARN_ENUM_CONVERSION = YES;
				CLANG_WARN_INFINITE_RECURSION = YES;
				CLANG_WARN_INT_CONVERSION = YES;
				CLANG_WARN_NON_LITERAL_NULL_CONVERSION = YES;
				CLANG_WARN_OBJC_IMPLICIT_RETAIN_SELF = YES;
				CLANG_WARN_OBJC_LITERAL_CONVERSION = YES;
				CLANG_WARN_OBJC_ROOT_CLASS = YES_ERROR;
				CLANG_WARN_QUOTED_INCLUDE_IN_FRAMEWORK_HEADER = YES;
				CLANG_WARN_RANGE_LOOP_ANALYSIS = YES;
				CLANG_WARN_STRICT_PROTOTYPES = YES;
				CLANG_WARN_SUSPICIOUS_MOVE = YES;
				CLANG_WARN_UNGUARDED_AVAILABILITY = YES_AGGRESSIVE;
				CLANG_WARN_UNREACHABLE_CODE = YES;
				CLANG_WARN__DUPLICATE_METHOD_MATCH = YES;
				COPY_PHASE_STRIP = NO;
				DEBUG_INFORMATION_FORMAT = "dwarf-with-dsym";
				ENABLE_NS_ASSERTIONS = NO;
				ENABLE_STRICT_OBJC_MSGSEND = YES;
				GCC_C_LANGUAGE_STANDARD = gnu11;
				GCC_NO_COMMON_BLOCKS = YES;
				GCC_WARN_64_TO_32_BIT_CONVERSION = YES;
				GCC_WARN_ABOUT_RETURN_TYPE = YES_ERROR;
				GCC_WARN_UNDECLARED_SELECTOR = YES;
				GCC_WARN_UNINITIALIZED_AUTOS = YES_AGGRESSIVE;
				GCC_WARN_UNUSED_FUNCTION = YES;
				GCC_WARN_UNUSED_VARIABLE = YES;
				IPHONEOS_DEPLOYMENT_TARGET = 15.4;
				MTL_ENABLE_DEBUG_INFO = NO;
				MTL_FAST_MATH = YES;
				SDKROOT = iphoneos;
				SWIFT_COMPILATION_MODE = wholemodule;
				SWIFT_OPTIMIZATION_LEVEL = "-O";
				VALIDATE_PRODUCT = YES;
			};
			name = Release;
		};
		DC20A3A0299EB3580093C366 /* Debug */ = {
			isa = XCBuildConfiguration;
			buildSettings = {
				ASSETCATALOG_COMPILER_APPICON_NAME = AppIcon;
				ASSETCATALOG_COMPILER_GLOBAL_ACCENT_COLOR_NAME = AccentColor;
				CODE_SIGN_STYLE = Automatic;
				CURRENT_PROJECT_VERSION = 1;
				DEVELOPMENT_TEAM = 4HS5A736SD;
				GENERATE_INFOPLIST_FILE = YES;
				INFOPLIST_FILE = MVVMLearning/Info.plist;
				INFOPLIST_KEY_UIApplicationSupportsIndirectInputEvents = YES;
				INFOPLIST_KEY_UILaunchStoryboardName = LaunchScreen;
				INFOPLIST_KEY_UIMainStoryboardFile = Main;
				INFOPLIST_KEY_UISupportedInterfaceOrientations_iPad = "UIInterfaceOrientationPortrait UIInterfaceOrientationPortraitUpsideDown UIInterfaceOrientationLandscapeLeft UIInterfaceOrientationLandscapeRight";
				INFOPLIST_KEY_UISupportedInterfaceOrientations_iPhone = "UIInterfaceOrientationPortrait UIInterfaceOrientationLandscapeLeft UIInterfaceOrientationLandscapeRight";
				LD_RUNPATH_SEARCH_PATHS = (
					"$(inherited)",
					"@executable_path/Frameworks",
				);
				MARKETING_VERSION = 1.0;
				PRODUCT_BUNDLE_IDENTIFIER = com.alphaTuring.MVVMLearning;
				PRODUCT_NAME = "$(TARGET_NAME)";
				SWIFT_EMIT_LOC_STRINGS = YES;
				SWIFT_VERSION = 5.0;
				TARGETED_DEVICE_FAMILY = "1,2";
			};
			name = Debug;
		};
		DC20A3A1299EB3580093C366 /* Release */ = {
			isa = XCBuildConfiguration;
			buildSettings = {
				ASSETCATALOG_COMPILER_APPICON_NAME = AppIcon;
				ASSETCATALOG_COMPILER_GLOBAL_ACCENT_COLOR_NAME = AccentColor;
				CODE_SIGN_STYLE = Automatic;
				CURRENT_PROJECT_VERSION = 1;
				DEVELOPMENT_TEAM = 4HS5A736SD;
				GENERATE_INFOPLIST_FILE = YES;
				INFOPLIST_FILE = MVVMLearning/Info.plist;
				INFOPLIST_KEY_UIApplicationSupportsIndirectInputEvents = YES;
				INFOPLIST_KEY_UILaunchStoryboardName = LaunchScreen;
				INFOPLIST_KEY_UIMainStoryboardFile = Main;
				INFOPLIST_KEY_UISupportedInterfaceOrientations_iPad = "UIInterfaceOrientationPortrait UIInterfaceOrientationPortraitUpsideDown UIInterfaceOrientationLandscapeLeft UIInterfaceOrientationLandscapeRight";
				INFOPLIST_KEY_UISupportedInterfaceOrientations_iPhone = "UIInterfaceOrientationPortrait UIInterfaceOrientationLandscapeLeft UIInterfaceOrientationLandscapeRight";
				LD_RUNPATH_SEARCH_PATHS = (
					"$(inherited)",
					"@executable_path/Frameworks",
				);
				MARKETING_VERSION = 1.0;
				PRODUCT_BUNDLE_IDENTIFIER = com.alphaTuring.MVVMLearning;
				PRODUCT_NAME = "$(TARGET_NAME)";
				SWIFT_EMIT_LOC_STRINGS = YES;
				SWIFT_VERSION = 5.0;
				TARGETED_DEVICE_FAMILY = "1,2";
			};
			name = Release;
		};
/* End XCBuildConfiguration section */

/* Begin XCConfigurationList section */
		DC20A386299EB3560093C366 /* Build configuration list for PBXProject "MVVMLearning" */ = {
			isa = XCConfigurationList;
			buildConfigurations = (
				DC20A39D299EB3580093C366 /* Debug */,
				DC20A39E299EB3580093C366 /* Release */,
			);
			defaultConfigurationIsVisible = 0;
			defaultConfigurationName = Release;
		};
		DC20A39F299EB3580093C366 /* Build configuration list for PBXNativeTarget "MVVMLearning" */ = {
			isa = XCConfigurationList;
			buildConfigurations = (
				DC20A3A0299EB3580093C366 /* Debug */,
				DC20A3A1299EB3580093C366 /* Release */,
			);
			defaultConfigurationIsVisible = 0;
			defaultConfigurationName = Release;
		};
/* End XCConfigurationList section */

/* Begin XCVersionGroup section */
		DC20A3AF299EBEAA0093C366 /* EventApp.xcdatamodeld */ = {
			isa = XCVersionGroup;
			children = (
				DC20A3B0299EBEAA0093C366 /* EventApp.xcdatamodel */,
			);
			currentVersion = DC20A3B0299EBEAA0093C366 /* EventApp.xcdatamodel */;
			path = EventApp.xcdatamodeld;
			sourceTree = "<group>";
			versionGroupType = wrapper.xcdatamodel;
		};
/* End XCVersionGroup section */
	};
	rootObject = DC20A383299EB3560093C366 /* Project object */;
}
